
Microsoft Visual Studio Solution File, Format Version 12.00
# Visual Studio Version 17
VisualStudioVersion = 17.7.34031.279
MinimumVisualStudioVersion = 10.0.40219.1
Project("{2150E333-8FDC-42A3-9474-1A3956D46DE8}") = "Eager loading", "Eager loading", "{81725FCF-550B-4A41-B00A-13C1B617007B}"
EndProject
Project("{9A19103F-16F7-4668-BE54-9A1E7A4F7556}") = "Web.API1", "Eager loading\Web.API1\Web.API1.csproj", "{007F9C59-DE46-4722-AC06-1E5564664A02}"
EndProject
Project("{2150E333-8FDC-42A3-9474-1A3956D46DE8}") = "Lazy loading", "Lazy loading", "{FD8C0BE8-EA9E-4E31-B1C3-B8A0125E714F}"
EndProject
Project("{FAE04EC0-301F-11D3-BF4B-00C04F79EFBC}") = "Web.API1", "Lazy loading\Web.API1\Web.API1.csproj", "{8D275BCC-F735-4A39-868F-D557988B9D16}"
EndProject
Global
	GlobalSection(SolutionConfigurationPlatforms) = preSolution
		Debug|Any CPU = Debug|Any CPU
		Release|Any CPU = Release|Any CPU
	EndGlobalSection
	GlobalSection(ProjectConfigurationPlatforms) = postSolution
		{007F9C59-DE46-4722-AC06-1E5564664A02}.Debug|Any CPU.ActiveCfg = Debug|Any CPU
		{007F9C59-DE46-4722-AC06-1E5564664A02}.Debug|Any CPU.Build.0 = Debug|Any CPU
		{007F9C59-DE46-4722-AC06-1E5564664A02}.Release|Any CPU.ActiveCfg = Release|Any CPU
		{007F9C59-DE46-4722-AC06-1E5564664A02}.Release|Any CPU.Build.0 = Release|Any CPU
		{8D275BCC-F735-4A39-868F-D557988B9D16}.Debug|Any CPU.ActiveCfg = Debug|Any CPU
		{8D275BCC-F735-4A39-868F-D557988B9D16}.Debug|Any CPU.Build.0 = Debug|Any CPU
		{8D275BCC-F735-4A39-868F-D557988B9D16}.Release|Any CPU.ActiveCfg = Release|Any CPU
		{8D275BCC-F735-4A39-868F-D557988B9D16}.Release|Any CPU.Build.0 = Release|Any CPU
	EndGlobalSection
	GlobalSection(SolutionProperties) = preSolution
		HideSolutionNode = FALSE
	EndGlobalSection
	GlobalSection(NestedProjects) = preSolution
		{007F9C59-DE46-4722-AC06-1E5564664A02} = {81725FCF-550B-4A41-B00A-13C1B617007B}
		{8D275BCC-F735-4A39-868F-D557988B9D16} = {FD8C0BE8-EA9E-4E31-B1C3-B8A0125E714F}
	EndGlobalSection
	GlobalSection(ExtensibilityGlobals) = postSolution
		SolutionGuid = {A96ADF22-0A23-4F0F-9F69-166FDE9DAC33}
	EndGlobalSection
EndGlobal
